
Microsoft Visual Studio Solution File, Format Version 12.00
# Visual Studio Version 17
VisualStudioVersion = 17.4.33403.182
MinimumVisualStudioVersion = 10.0.40219.1
Project("{9A19103F-16F7-4668-BE54-9A1E7A4F7556}") = "Tests", "Tests\Tests.csproj", "{FB66F012-959E-4F7D-8BF5-4E2DFFBA752E}"
EndProject
Project("{FAE04EC0-301F-11D3-BF4B-00C04F79EFBC}") = "Pages", "Pages\Pages.csproj", "{5EA89ACE-CD0C-4481-B77D-79203B7116BC}"
EndProject
Project("{FAE04EC0-301F-11D3-BF4B-00C04F79EFBC}") = "Framework", "Framework\Framework.csproj", "{A6B37E20-2D86-4CAB-BF98-59ABEADA2787}"
EndProject
Global
	GlobalSection(SolutionConfigurationPlatforms) = preSolution
		Debug|Any CPU = Debug|Any CPU
		Release|Any CPU = Release|Any CPU
	EndGlobalSection
	GlobalSection(ProjectConfigurationPlatforms) = postSolution
		{FB66F012-959E-4F7D-8BF5-4E2DFFBA752E}.Debug|Any CPU.ActiveCfg = Debug|Any CPU
		{FB66F012-959E-4F7D-8BF5-4E2DFFBA752E}.Debug|Any CPU.Build.0 = Debug|Any CPU
		{FB66F012-959E-4F7D-8BF5-4E2DFFBA752E}.Release|Any CPU.ActiveCfg = Release|Any CPU
		{FB66F012-959E-4F7D-8BF5-4E2DFFBA752E}.Release|Any CPU.Build.0 = Release|Any CPU
		{5EA89ACE-CD0C-4481-B77D-79203B7116BC}.Debug|Any CPU.ActiveCfg = Debug|Any CPU
		{5EA89ACE-CD0C-4481-B77D-79203B7116BC}.Debug|Any CPU.Build.0 = Debug|Any CPU
		{5EA89ACE-CD0C-4481-B77D-79203B7116BC}.Release|Any CPU.ActiveCfg = Release|Any CPU
		{5EA89ACE-CD0C-4481-B77D-79203B7116BC}.Release|Any CPU.Build.0 = Release|Any CPU
		{A6B37E20-2D86-4CAB-BF98-59ABEADA2787}.Debug|Any CPU.ActiveCfg = Debug|Any CPU
		{A6B37E20-2D86-4CAB-BF98-59ABEADA2787}.Debug|Any CPU.Build.0 = Debug|Any CPU
		{A6B37E20-2D86-4CAB-BF98-59ABEADA2787}.Release|Any CPU.ActiveCfg = Release|Any CPU
		{A6B37E20-2D86-4CAB-BF98-59ABEADA2787}.Release|Any CPU.Build.0 = Release|Any CPU
	EndGlobalSection
	GlobalSection(SolutionProperties) = preSolution
		HideSolutionNode = FALSE
	EndGlobalSection
	GlobalSection(ExtensibilityGlobals) = postSolution
		SolutionGuid = {498AA3FD-6B9F-4AFA-96C9-AB4B51B795CE}
	EndGlobalSection
EndGlobal
